
Microsoft Visual Studio Solution File, Format Version 12.00
# Visual Studio 15
VisualStudioVersion = 15.0.28010.2050
MinimumVisualStudioVersion = 10.0.40219.1
Project("{FAE04EC0-301F-11D3-BF4B-00C04F79EFBC}") = "Windows_Forms_Books", "Windows_Forms_Books\Windows_Forms_Books.csproj", "{C2797AB4-9DC5-4A03-B2BD-D7C58896260F}"
EndProject
Global
	GlobalSection(SolutionConfigurationPlatforms) = preSolution
		Debug|Any CPU = Debug|Any CPU
		Release|Any CPU = Release|Any CPU
	EndGlobalSection
	GlobalSection(ProjectConfigurationPlatforms) = postSolution
		{C2797AB4-9DC5-4A03-B2BD-D7C58896260F}.Debug|Any CPU.ActiveCfg = Debug|Any CPU
		{C2797AB4-9DC5-4A03-B2BD-D7C58896260F}.Debug|Any CPU.Build.0 = Debug|Any CPU
		{C2797AB4-9DC5-4A03-B2BD-D7C58896260F}.Release|Any CPU.ActiveCfg = Release|Any CPU
		{C2797AB4-9DC5-4A03-B2BD-D7C58896260F}.Release|Any CPU.Build.0 = Release|Any CPU
	EndGlobalSection
	GlobalSection(SolutionProperties) = preSolution
		HideSolutionNode = FALSE
	EndGlobalSection
	GlobalSection(ExtensibilityGlobals) = postSolution
		SolutionGuid = {CFD9BC99-7A23-4EA3-A3F2-8EF54B596AB2}
	EndGlobalSection
EndGlobal
